
Microsoft Visual Studio Solution File, Format Version 12.00
# Visual Studio Version 16
VisualStudioVersion = 16.0.29905.134
MinimumVisualStudioVersion = 10.0.40219.1
Project("{FAE04EC0-301F-11D3-BF4B-00C04F79EFBC}") = "RSA_Pracrice", "RSA_Pracrice.csproj", "{23D06CB0-AC62-4A33-9D67-2BAC02FD9482}"
EndProject
Global
	GlobalSection(SolutionConfigurationPlatforms) = preSolution
		Debug|Any CPU = Debug|Any CPU
		Release|Any CPU = Release|Any CPU
	EndGlobalSection
	GlobalSection(ProjectConfigurationPlatforms) = postSolution
		{23D06CB0-AC62-4A33-9D67-2BAC02FD9482}.Debug|Any CPU.ActiveCfg = Debug|Any CPU
		{23D06CB0-AC62-4A33-9D67-2BAC02FD9482}.Debug|Any CPU.Build.0 = Debug|Any CPU
		{23D06CB0-AC62-4A33-9D67-2BAC02FD9482}.Release|Any CPU.ActiveCfg = Release|Any CPU
		{23D06CB0-AC62-4A33-9D67-2BAC02FD9482}.Release|Any CPU.Build.0 = Release|Any CPU
	EndGlobalSection
	GlobalSection(SolutionProperties) = preSolution
		HideSolutionNode = FALSE
	EndGlobalSection
	GlobalSection(ExtensibilityGlobals) = postSolution
		SolutionGuid = {EB67B937-60D9-43BF-ACBA-8B40FC1D92BC}
	EndGlobalSection
EndGlobal
